lockfileVersion: '9.0'

settings:
  autoInstallPeers: true
  excludeLinksFromLockfile: false

importers:

  .:
    dependencies:
      '@restatedev/restate-sdk':
        specifier: ^1.8.3
        version: 1.8.3
      '@restatedev/xstate':
        specifier: ^0.3.1
        version: 0.3.1(@restatedev/restate-sdk@1.8.3)(xstate@5.20.2)
      xstate:
        specifier: ^5.20.2
        version: 5.20.2

packages:

  '@restatedev/restate-sdk-core@1.8.3':
    resolution: {integrity: sha512-vLe2bQaxOcionuZHvEibVJHyzdVghp7vYqm+1iKraUKqcRx1zprK+Z8mOPFSmFcq5nRsBMwbbMaA9uPRO+l+rw==}
    engines: {node: '>= 18.13'}

  '@restatedev/restate-sdk@1.8.3':
    resolution: {integrity: sha512-kVrAel5B6tbDZ8MrSobZ7Y0YEO6XfyvgtspVZ5rV5ysAlnqvLeuE72wvF5fwyKpRyc99yhIc6JfYri22umf7nw==}
    engines: {node: '>= 18.13'}

  '@restatedev/xstate@0.3.1':
    resolution: {integrity: sha512-4ew/U7t+u5nwCwm4E5bGpym8gjAjoCyVcbPUN65Rh40eBtnulQiMChcdnV0n5WHCWB+FSGkICaZuv6RlJ3BYgg==}
    peerDependencies:
      '@restatedev/restate-sdk': ^1.8.0
      xstate: ^5.20.1

  xstate@5.20.2:
    resolution: {integrity: sha512-GZmLmc+WPKfFRxuTDAxCg0cUhS/ZnWaRD86DO8MKizeK4a050jd5k7UNnIQ2jJDWRig2/r0tmVXeezUNIhoz5Q==}

snapshots:

  '@restatedev/restate-sdk-core@1.8.3': {}

  '@restatedev/restate-sdk@1.8.3':
    dependencies:
      '@restatedev/restate-sdk-core': 1.8.3

  '@restatedev/xstate@0.3.1(@restatedev/restate-sdk@1.8.3)(xstate@5.20.2)':
    dependencies:
      '@restatedev/restate-sdk': 1.8.3
      xstate: 5.20.2

  xstate@5.20.2: {}
